
Microsoft Visual Studio Solution File, Format Version 12.00
# Visual Studio Version 17
VisualStudioVersion = 17.11.35208.52
MinimumVisualStudioVersion = 10.0.40219.1
Project("{FAE04EC0-301F-11D3-BF4B-00C04F79EFBC}") = "DCCatAPI", "DCCatAPI\DCCatAPI.csproj", "{C0427D01-4043-42F2-91BD-1B9294D44CB5}"
EndProject
Global
	GlobalSection(SolutionConfigurationPlatforms) = preSolution
		Debug|Any CPU = Debug|Any CPU
		Release|Any CPU = Release|Any CPU
	EndGlobalSection
	GlobalSection(ProjectConfigurationPlatforms) = postSolution
		{C0427D01-4043-42F2-91BD-1B9294D44CB5}.Debug|Any CPU.ActiveCfg = Debug|Any CPU
		{C0427D01-4043-42F2-91BD-1B9294D44CB5}.Debug|Any CPU.Build.0 = Debug|Any CPU
		{C0427D01-4043-42F2-91BD-1B9294D44CB5}.Debug|Any CPU.Deploy.0 = Debug|Any CPU
		{C0427D01-4043-42F2-91BD-1B9294D44CB5}.Release|Any CPU.ActiveCfg = Release|Any CPU
		{C0427D01-4043-42F2-91BD-1B9294D44CB5}.Release|Any CPU.Build.0 = Release|Any CPU
		{C0427D01-4043-42F2-91BD-1B9294D44CB5}.Release|Any CPU.Deploy.0 = Release|Any CPU
	EndGlobalSection
	GlobalSection(SolutionProperties) = preSolution
		HideSolutionNode = FALSE
	EndGlobalSection
	GlobalSection(ExtensibilityGlobals) = postSolution
		SolutionGuid = {A07D0880-6A97-4DB0-BF45-F896A03F3788}
	EndGlobalSection
EndGlobal
